<?xml version="1.0" encoding="UTF-8"?>
<!DOCTYPE plist PUBLIC "-//Apple//DTD PLIST 1.0//EN" "http://www.apple.com/DTDs/PropertyList-1.0.dtd">
<plist version="1.0">
<dict>
	<key>archiveVersion</key>
	<string>1</string>
	<key>classes</key>
	<dict/>
	<key>objectVersion</key>
	<string>46</string>
	<key>objects</key>
	<dict>
		<key>47C1AA9DA23144748E3D4262</key>
		<dict>
			<key>explicitFileType</key>
			<string>archive.ar</string>
			<key>includeInIndex</key>
			<string>0</string>
			<key>isa</key>
			<string>PBXFileReference</string>
			<key>path</key>
			<string>libPods.a</string>
			<key>sourceTree</key>
			<string>BUILT_PRODUCTS_DIR</string>
		</dict>
		<key>48F7D34E1731002000A5FDA5</key>
		<dict>
			<key>children</key>
			<array>
				<string>48F7D3601731002000A5FDA5</string>
				<string>48F7D3591731002000A5FDA5</string>
				<string>48F7D3581731002000A5FDA5</string>
				<string>6C1FDB11ED3B4BEE82BB2E57</string>
			</array>
			<key>isa</key>
			<string>PBXGroup</string>
			<key>sourceTree</key>
			<string>&lt;group&gt;</string>
		</dict>
		<key>48F7D34F1731002000A5FDA5</key>
		<dict>
			<key>attributes</key>
			<dict>
				<key>LastUpgradeCheck</key>
				<string>0460</string>
				<key>ORGANIZATIONNAME</key>
				<string>tencent</string>
			</dict>
			<key>buildConfigurationList</key>
			<string>48F7D3521731002000A5FDA5</string>
			<key>compatibilityVersion</key>
			<string>Xcode 3.2</string>
			<key>developmentRegion</key>
			<string>English</string>
			<key>hasScannedForEncodings</key>
			<string>0</string>
			<key>isa</key>
			<string>PBXProject</string>
			<key>knownRegions</key>
			<array>
				<string>en</string>
			</array>
			<key>mainGroup</key>
			<string>48F7D34E1731002000A5FDA5</string>
			<key>productRefGroup</key>
			<string>48F7D3581731002000A5FDA5</string>
			<key>projectDirPath</key>
			<string></string>
			<key>projectReferences</key>
			<array/>
			<key>projectRoot</key>
			<string></string>
			<key>targets</key>
			<array>
				<string>48F7D3561731002000A5FDA5</string>
			</array>
		</dict>
		<key>48F7D3521731002000A5FDA5</key>
		<dict>
			<key>buildConfigurations</key>
			<array>
				<string>48F7D3781731002000A5FDA5</string>
				<string>48F7D3791731002000A5FDA5</string>
			</array>
			<key>defaultConfigurationIsVisible</key>
			<string>0</string>
			<key>defaultConfigurationName</key>
			<string>Release</string>
			<key>isa</key>
			<string>XCConfigurationList</string>
		</dict>
		<key>48F7D3531731002000A5FDA5</key>
		<dict>
			<key>buildActionMask</key>
			<string>2147483647</string>
			<key>files</key>
			<array>
				<string>48F7D3671731002000A5FDA5</string>
				<string>48F7D36B1731002000A5FDA5</string>
				<string>48F7D3741731002000A5FDA5</string>
			</array>
			<key>isa</key>
			<string>PBXSourcesBuildPhase</string>
			<key>runOnlyForDeploymentPostprocessing</key>
			<string>0</string>
		</dict>
		<key>48F7D3541731002000A5FDA5</key>
		<dict>
			<key>buildActionMask</key>
			<string>2147483647</string>
			<key>files</key>
			<array>
				<string>48F7D35B1731002000A5FDA5</string>
				<string>48F7D35D1731002000A5FDA5</string>
				<string>AA55A10C6E0844A0B703883C</string>
			</array>
			<key>isa</key>
			<string>PBXFrameworksBuildPhase</string>
			<key>runOnlyForDeploymentPostprocessing</key>
			<string>0</string>
		</dict>
		<key>48F7D3551731002000A5FDA5</key>
		<dict>
			<key>buildActionMask</key>
			<string>2147483647</string>
			<key>files</key>
			<array>
				<string>48F7D3651731002000A5FDA5</string>
				<string>48F7D36D1731002000A5FDA5</string>
				<string>48F7D36F1731002000A5FDA5</string>
				<string>48F7D3711731002000A5FDA5</string>
				<string>48F7D3771731002000A5FDA5</string>
			</array>
			<key>isa</key>
			<string>PBXResourcesBuildPhase</string>
			<key>runOnlyForDeploymentPostprocessing</key>
			<string>0</string>
		</dict>
		<key>48F7D3561731002000A5FDA5</key>
		<dict>
			<key>buildConfigurationList</key>
			<string>48F7D37A1731002000A5FDA5</string>
			<key>buildPhases</key>
			<array>
				<string>7310ECD9E5BD496E8DC7A25A</string>
				<string>48F7D3531731002000A5FDA5</string>
				<string>48F7D3541731002000A5FDA5</string>
				<string>48F7D3551731002000A5FDA5</string>
				<string>6D86E062338E4192A2529399</string>
			</array>
			<key>buildRules</key>
			<array/>
			<key>dependencies</key>
			<array/>
			<key>isa</key>
			<string>PBXNativeTarget</string>
			<key>name</key>
			<string>IAPPayDemo</string>
			<key>productName</key>
			<string>IAPPayDemo</string>
			<key>productReference</key>
			<string>48F7D3571731002000A5FDA5</string>
			<key>productType</key>
			<string>com.apple.product-type.application</string>
		</dict>
		<key>48F7D3571731002000A5FDA5</key>
		<dict>
			<key>explicitFileType</key>
			<string>wrapper.application</string>
			<key>includeInIndex</key>
			<string>0</string>
			<key>isa</key>
			<string>PBXFileReference</string>
			<key>path</key>
			<string>IAPPayDemo.app</string>
			<key>sourceTree</key>
			<string>BUILT_PRODUCTS_DIR</string>
		</dict>
		<key>48F7D3581731002000A5FDA5</key>
		<dict>
			<key>children</key>
			<array>
				<string>48F7D3571731002000A5FDA5</string>
			</array>
			<key>isa</key>
			<string>PBXGroup</string>
			<key>name</key>
			<string>Products</string>
			<key>sourceTree</key>
			<string>&lt;group&gt;</string>
		</dict>
		<key>48F7D3591731002000A5FDA5</key>
		<dict>
			<key>children</key>
			<array>
				<string>48F7D35A1731002000A5FDA5</string>
				<string>48F7D35C1731002000A5FDA5</string>
				<string>47C1AA9DA23144748E3D4262</string>
			</array>
			<key>isa</key>
			<string>PBXGroup</string>
			<key>name</key>
			<string>Frameworks</string>
			<key>sourceTree</key>
			<string>&lt;group&gt;</string>
		</dict>
		<key>48F7D35A1731002000A5FDA5</key>
		<dict>
			<key>isa</key>
			<string>PBXFileReference</string>
			<key>lastKnownFileType</key>
			<string>wrapper.framework</string>
			<key>name</key>
			<string>UIKit.framework</string>
			<key>path</key>
			<string>System/Library/Frameworks/UIKit.framework</string>
			<key>sourceTree</key>
			<string>SDKROOT</string>
		</dict>
		<key>48F7D35B1731002000A5FDA5</key>
		<dict>
			<key>fileRef</key>
			<string>48F7D35A1731002000A5FDA5</string>
			<key>isa</key>
			<string>PBXBuildFile</string>
		</dict>
		<key>48F7D35C1731002000A5FDA5</key>
		<dict>
			<key>isa</key>
			<string>PBXFileReference</string>
			<key>lastKnownFileType</key>
			<string>wrapper.framework</string>
			<key>name</key>
			<string>Foundation.framework</string>
			<key>path</key>
			<string>System/Library/Frameworks/Foundation.framework</string>
			<key>sourceTree</key>
			<string>SDKROOT</string>
		</dict>
		<key>48F7D35D1731002000A5FDA5</key>
		<dict>
			<key>fileRef</key>
			<string>48F7D35C1731002000A5FDA5</string>
			<key>isa</key>
			<string>PBXBuildFile</string>
		</dict>
		<key>48F7D3601731002000A5FDA5</key>
		<dict>
			<key>children</key>
			<array>
				<string>48F7D3691731002000A5FDA5</string>
				<string>48F7D36A1731002000A5FDA5</string>
				<string>48F7D3721731002000A5FDA5</string>
				<string>48F7D3731731002000A5FDA5</string>
				<string>48F7D3751731002000A5FDA5</string>
				<string>48F7D3611731002000A5FDA5</string>
			</array>
			<key>isa</key>
			<string>PBXGroup</string>
			<key>path</key>
			<string>IAPPayDemo</string>
			<key>sourceTree</key>
			<string>&lt;group&gt;</string>
		</dict>
		<key>48F7D3611731002000A5FDA5</key>
		<dict>
			<key>children</key>
			<array>
				<string>48F7D3621731002000A5FDA5</string>
				<string>48F7D3631731002000A5FDA5</string>
				<string>48F7D3661731002000A5FDA5</string>
				<string>48F7D3681731002000A5FDA5</string>
				<string>48F7D36C1731002000A5FDA5</string>
				<string>48F7D36E1731002000A5FDA5</string>
				<string>48F7D3701731002000A5FDA5</string>
			</array>
			<key>isa</key>
			<string>PBXGroup</string>
			<key>name</key>
			<string>Supporting Files</string>
			<key>sourceTree</key>
			<string>&lt;group&gt;</string>
		</dict>
		<key>48F7D3621731002000A5FDA5</key>
		<dict>
			<key>isa</key>
			<string>PBXFileReference</string>
			<key>lastKnownFileType</key>
			<string>text.plist.xml</string>
			<key>path</key>
			<string>IAPPayDemo-Info.plist</string>
			<key>sourceTree</key>
			<string>&lt;group&gt;</string>
		</dict>
		<key>48F7D3631731002000A5FDA5</key>
		<dict>
			<key>children</key>
			<array>
				<string>48F7D3641731002000A5FDA5</string>
			</array>
			<key>isa</key>
			<string>PBXVariantGroup</string>
			<key>name</key>
			<string>InfoPlist.strings</string>
			<key>sourceTree</key>
			<string>&lt;group&gt;</string>
		</dict>
		<key>48F7D3641731002000A5FDA5</key>
		<dict>
			<key>isa</key>
			<string>PBXFileReference</string>
			<key>lastKnownFileType</key>
			<string>text.plist.strings</string>
			<key>name</key>
			<string>en</string>
			<key>path</key>
			<string>en.lproj/InfoPlist.strings</string>
			<key>sourceTree</key>
			<string>&lt;group&gt;</string>
		</dict>
		<key>48F7D3651731002000A5FDA5</key>
		<dict>
			<key>fileRef</key>
			<string>48F7D3631731002000A5FDA5</string>
			<key>isa</key>
			<string>PBXBuildFile</string>
		</dict>
		<key>48F7D3661731002000A5FDA5</key>
		<dict>
			<key>isa</key>
			<string>PBXFileReference</string>
			<key>lastKnownFileType</key>
			<string>sourcecode.c.objc</string>
			<key>path</key>
			<string>main.m</string>
			<key>sourceTree</key>
			<string>&lt;group&gt;</string>
		</dict>
		<key>48F7D3671731002000A5FDA5</key>
		<dict>
			<key>fileRef</key>
			<string>48F7D3661731002000A5FDA5</string>
			<key>isa</key>
			<string>PBXBuildFile</string>
		</dict>
		<key>48F7D3681731002000A5FDA5</key>
		<dict>
			<key>isa</key>
			<string>PBXFileReference</string>
			<key>lastKnownFileType</key>
			<string>sourcecode.c.h</string>
			<key>path</key>
			<string>IAPPayDemo-Prefix.pch</string>
			<key>sourceTree</key>
			<string>&lt;group&gt;</string>
		</dict>
		<key>48F7D3691731002000A5FDA5</key>
		<dict>
			<key>isa</key>
			<string>PBXFileReference</string>
			<key>lastKnownFileType</key>
			<string>sourcecode.c.h</string>
			<key>path</key>
			<string>AppDelegate.h</string>
			<key>sourceTree</key>
			<string>&lt;group&gt;</string>
		</dict>
		<key>48F7D36A1731002000A5FDA5</key>
		<dict>
			<key>isa</key>
			<string>PBXFileReference</string>
			<key>lastKnownFileType</key>
			<string>sourcecode.c.objc</string>
			<key>path</key>
			<string>AppDelegate.m</string>
			<key>sourceTree</key>
			<string>&lt;group&gt;</string>
		</dict>
		<key>48F7D36B1731002000A5FDA5</key>
		<dict>
			<key>fileRef</key>
			<string>48F7D36A1731002000A5FDA5</string>
			<key>isa</key>
			<string>PBXBuildFile</string>
		</dict>
		<key>48F7D36C1731002000A5FDA5</key>
		<dict>
			<key>isa</key>
			<string>PBXFileReference</string>
			<key>lastKnownFileType</key>
			<string>image.png</string>
			<key>path</key>
			<string>Default.png</string>
			<key>sourceTree</key>
			<string>&lt;group&gt;</string>
		</dict>
		<key>48F7D36D1731002000A5FDA5</key>
		<dict>
			<key>fileRef</key>
			<string>48F7D36C1731002000A5FDA5</string>
			<key>isa</key>
			<string>PBXBuildFile</string>
		</dict>
		<key>48F7D36E1731002000A5FDA5</key>
		<dict>
			<key>isa</key>
			<string>PBXFileReference</string>
			<key>lastKnownFileType</key>
			<string>image.png</string>
			<key>path</key>
			<string>Default@2x.png</string>
			<key>sourceTree</key>
			<string>&lt;group&gt;</string>
		</dict>
		<key>48F7D36F1731002000A5FDA5</key>
		<dict>
			<key>fileRef</key>
			<string>48F7D36E1731002000A5FDA5</string>
			<key>isa</key>
			<string>PBXBuildFile</string>
		</dict>
		<key>48F7D3701731002000A5FDA5</key>
		<dict>
			<key>isa</key>
			<string>PBXFileReference</string>
			<key>lastKnownFileType</key>
			<string>image.png</string>
			<key>path</key>
			<string>Default-568h@2x.png</string>
			<key>sourceTree</key>
			<string>&lt;group&gt;</string>
		</dict>
		<key>48F7D3711731002000A5FDA5</key>
		<dict>
			<key>fileRef</key>
			<string>48F7D3701731002000A5FDA5</string>
			<key>isa</key>
			<string>PBXBuildFile</string>
		</dict>
		<key>48F7D3721731002000A5FDA5</key>
		<dict>
			<key>isa</key>
			<string>PBXFileReference</string>
			<key>lastKnownFileType</key>
			<string>sourcecode.c.h</string>
			<key>path</key>
			<string>ViewController.h</string>
			<key>sourceTree</key>
			<string>&lt;group&gt;</string>
		</dict>
		<key>48F7D3731731002000A5FDA5</key>
		<dict>
			<key>isa</key>
			<string>PBXFileReference</string>
			<key>lastKnownFileType</key>
			<string>sourcecode.c.objc</string>
			<key>path</key>
			<string>ViewController.m</string>
			<key>sourceTree</key>
			<string>&lt;group&gt;</string>
		</dict>
		<key>48F7D3741731002000A5FDA5</key>
		<dict>
			<key>fileRef</key>
			<string>48F7D3731731002000A5FDA5</string>
			<key>isa</key>
			<string>PBXBuildFile</string>
		</dict>
		<key>48F7D3751731002000A5FDA5</key>
		<dict>
			<key>children</key>
			<array>
				<string>48F7D3761731002000A5FDA5</string>
			</array>
			<key>isa</key>
			<string>PBXVariantGroup</string>
			<key>name</key>
			<string>ViewController.xib</string>
			<key>sourceTree</key>
			<string>&lt;group&gt;</string>
		</dict>
		<key>48F7D3761731002000A5FDA5</key>
		<dict>
			<key>isa</key>
			<string>PBXFileReference</string>
			<key>lastKnownFileType</key>
			<string>file.xib</string>
			<key>name</key>
			<string>en</string>
			<key>path</key>
			<string>en.lproj/ViewController.xib</string>
			<key>sourceTree</key>
			<string>&lt;group&gt;</string>
		</dict>
		<key>48F7D3771731002000A5FDA5</key>
		<dict>
			<key>fileRef</key>
			<string>48F7D3751731002000A5FDA5</string>
			<key>isa</key>
			<string>PBXBuildFile</string>
		</dict>
		<key>48F7D3781731002000A5FDA5</key>
		<dict>
			<key>buildSettings</key>
			<dict>
				<key>ALWAYS_SEARCH_USER_PATHS</key>
				<string>NO</string>
				<key>CLANG_CXX_LANGUAGE_STANDARD</key>
				<string>gnu++0x</string>
				<key>CLANG_CXX_LIBRARY</key>
				<string>libc++</string>
				<key>CLANG_WARN_CONSTANT_CONVERSION</key>
				<string>YES</string>
				<key>CLANG_WARN_EMPTY_BODY</key>
				<string>YES</string>
				<key>CLANG_WARN_ENUM_CONVERSION</key>
				<string>YES</string>
				<key>CLANG_WARN_INT_CONVERSION</key>
				<string>YES</string>
				<key>CLANG_WARN__DUPLICATE_METHOD_MATCH</key>
				<string>YES</string>
				<key>CODE_SIGN_IDENTITY[sdk=iphoneos*]</key>
				<string>iPhone Developer</string>
				<key>COPY_PHASE_STRIP</key>
				<string>NO</string>
				<key>GCC_C_LANGUAGE_STANDARD</key>
				<string>gnu99</string>
				<key>GCC_DYNAMIC_NO_PIC</key>
				<string>NO</string>
				<key>GCC_OPTIMIZATION_LEVEL</key>
				<string>0</string>
				<key>GCC_PREPROCESSOR_DEFINITIONS</key>
				<array>
					<string>DEBUG=1</string>
					<string>$(inherited)</string>
				</array>
				<key>GCC_SYMBOLS_PRIVATE_EXTERN</key>
				<string>NO</string>
				<key>GCC_WARN_ABOUT_RETURN_TYPE</key>
				<string>YES</string>
				<key>GCC_WARN_UNINITIALIZED_AUTOS</key>
				<string>YES</string>
				<key>GCC_WARN_UNUSED_VARIABLE</key>
				<string>YES</string>
				<key>IPHONEOS_DEPLOYMENT_TARGET</key>
				<string>6.1</string>
				<key>ONLY_ACTIVE_ARCH</key>
				<string>YES</string>
				<key>SDKROOT</key>
				<string>iphoneos</string>
			</dict>
			<key>isa</key>
			<string>XCBuildConfiguration</string>
			<key>name</key>
			<string>Debug</string>
		</dict>
		<key>48F7D3791731002000A5FDA5</key>
		<dict>
			<key>buildSettings</key>
			<dict>
				<key>ALWAYS_SEARCH_USER_PATHS</key>
				<string>NO</string>
				<key>CLANG_CXX_LANGUAGE_STANDARD</key>
				<string>gnu++0x</string>
				<key>CLANG_CXX_LIBRARY</key>
				<string>libc++</string>
				<key>CLANG_WARN_CONSTANT_CONVERSION</key>
				<string>YES</string>
				<key>CLANG_WARN_EMPTY_BODY</key>
				<string>YES</string>
				<key>CLANG_WARN_ENUM_CONVERSION</key>
				<string>YES</string>
				<key>CLANG_WARN_INT_CONVERSION</key>
				<string>YES</string>
				<key>CLANG_WARN__DUPLICATE_METHOD_MATCH</key>
				<string>YES</string>
				<key>CODE_SIGN_IDENTITY[sdk=iphoneos*]</key>
				<string>iPhone Developer</string>
				<key>COPY_PHASE_STRIP</key>
				<string>YES</string>
				<key>GCC_C_LANGUAGE_STANDARD</key>
				<string>gnu99</string>
				<key>GCC_WARN_ABOUT_RETURN_TYPE</key>
				<string>YES</string>
				<key>GCC_WARN_UNINITIALIZED_AUTOS</key>
				<string>YES</string>
				<key>GCC_WARN_UNUSED_VARIABLE</key>
				<string>YES</string>
				<key>IPHONEOS_DEPLOYMENT_TARGET</key>
				<string>6.1</string>
				<key>OTHER_CFLAGS</key>
				<string>-DNS_BLOCK_ASSERTIONS=1</string>
				<key>SDKROOT</key>
				<string>iphoneos</string>
				<key>VALIDATE_PRODUCT</key>
				<string>YES</string>
			</dict>
			<key>isa</key>
			<string>XCBuildConfiguration</string>
			<key>name</key>
			<string>Release</string>
		</dict>
		<key>48F7D37A1731002000A5FDA5</key>
		<dict>
			<key>buildConfigurations</key>
			<array>
				<string>48F7D37B1731002000A5FDA5</string>
				<string>48F7D37C1731002000A5FDA5</string>
			</array>
			<key>defaultConfigurationIsVisible</key>
			<string>0</string>
			<key>defaultConfigurationName</key>
			<string>Release</string>
			<key>isa</key>
			<string>XCConfigurationList</string>
		</dict>
		<key>48F7D37B1731002000A5FDA5</key>
		<dict>
			<key>baseConfigurationReference</key>
			<string>6C1FDB11ED3B4BEE82BB2E57</string>
			<key>buildSettings</key>
			<dict>
				<key>FRAMEWORK_SEARCH_PATHS</key>
				<array>
					<string>$(inherited)</string>
					<string>"$(SRCROOT)"</string>
				</array>
				<key>GCC_PRECOMPILE_PREFIX_HEADER</key>
				<string>YES</string>
				<key>GCC_PREFIX_HEADER</key>
				<string>IAPPayDemo/IAPPayDemo-Prefix.pch</string>
				<key>INFOPLIST_FILE</key>
				<string>IAPPayDemo/IAPPayDemo-Info.plist</string>
				<key>IPHONEOS_DEPLOYMENT_TARGET</key>
				<string>6.1</string>
				<key>LIBRARY_SEARCH_PATHS</key>
				<array>
					<string>$(inherited)</string>
					<string>"$(SRCROOT)"</string>
				</array>
				<key>PRODUCT_NAME</key>
				<string>$(TARGET_NAME)</string>
				<key>WRAPPER_EXTENSION</key>
				<string>app</string>
			</dict>
			<key>isa</key>
			<string>XCBuildConfiguration</string>
			<key>name</key>
			<string>Debug</string>
		</dict>
		<key>48F7D37C1731002000A5FDA5</key>
		<dict>
			<key>baseConfigurationReference</key>
			<string>6C1FDB11ED3B4BEE82BB2E57</string>
			<key>buildSettings</key>
			<dict>
				<key>FRAMEWORK_SEARCH_PATHS</key>
				<array>
					<string>$(inherited)</string>
					<string>"$(SRCROOT)"</string>
				</array>
				<key>GCC_PRECOMPILE_PREFIX_HEADER</key>
				<string>YES</string>
				<key>GCC_PREFIX_HEADER</key>
				<string>IAPPayDemo/IAPPayDemo-Prefix.pch</string>
				<key>INFOPLIST_FILE</key>
				<string>IAPPayDemo/IAPPayDemo-Info.plist</string>
				<key>IPHONEOS_DEPLOYMENT_TARGET</key>
				<string>6.1</string>
				<key>LIBRARY_SEARCH_PATHS</key>
				<array>
					<string>$(inherited)</string>
					<string>"$(SRCROOT)"</string>
				</array>
				<key>PRODUCT_NAME</key>
				<string>$(TARGET_NAME)</string>
				<key>WRAPPER_EXTENSION</key>
				<string>app</string>
			</dict>
			<key>isa</key>
			<string>XCBuildConfiguration</string>
			<key>name</key>
			<string>Release</string>
		</dict>
		<key>6C1FDB11ED3B4BEE82BB2E57</key>
		<dict>
			<key>includeInIndex</key>
			<string>1</string>
			<key>isa</key>
			<string>PBXFileReference</string>
			<key>lastKnownFileType</key>
			<string>text.xcconfig</string>
			<key>name</key>
			<string>Pods.xcconfig</string>
			<key>path</key>
			<string>Pods/Pods.xcconfig</string>
			<key>sourceTree</key>
			<string>&lt;group&gt;</string>
		</dict>
		<key>6D86E062338E4192A2529399</key>
		<dict>
			<key>buildActionMask</key>
			<string>2147483647</string>
			<key>files</key>
			<array/>
			<key>inputPaths</key>
			<array/>
			<key>isa</key>
			<string>PBXShellScriptBuildPhase</string>
			<key>name</key>
			<string>Copy Pods Resources</string>
			<key>outputPaths</key>
			<array/>
			<key>runOnlyForDeploymentPostprocessing</key>
			<string>0</string>
			<key>shellPath</key>
			<string>/bin/sh</string>
			<key>shellScript</key>
			<string>"${SRCROOT}/Pods/Pods-resources.sh"
</string>
			<key>showEnvVarsInLog</key>
			<string>0</string>
		</dict>
		<key>7310ECD9E5BD496E8DC7A25A</key>
		<dict>
			<key>buildActionMask</key>
			<string>2147483647</string>
			<key>files</key>
			<array/>
			<key>inputPaths</key>
			<array/>
			<key>isa</key>
			<string>PBXShellScriptBuildPhase</string>
			<key>name</key>
			<string>Check Pods Manifest.lock</string>
			<key>outputPaths</key>
			<array/>
			<key>runOnlyForDeploymentPostprocessing</key>
			<string>0</string>
			<key>shellPath</key>
			<string>/bin/sh</string>
			<key>shellScript</key>
			<string>diff "${PODS_ROOT}/../Podfile.lock" "${PODS_ROOT}/Manifest.lock" &gt; /dev/null
if [[ $? != 0 ]] ; then
    cat &lt;&lt; EOM
error: The sandbox is not in sync with the Podfile.lock. Run 'pod install' or update your CocoaPods installation.
EOM
    exit 1
fi
</string>
			<key>showEnvVarsInLog</key>
			<string>0</string>
		</dict>
		<key>AA55A10C6E0844A0B703883C</key>
		<dict>
			<key>fileRef</key>
			<string>47C1AA9DA23144748E3D4262</string>
			<key>isa</key>
			<string>PBXBuildFile</string>
		</dict>
	</dict>
	<key>rootObject</key>
	<string>48F7D34F1731002000A5FDA5</string>
</dict>
</plist>
